{
    "_readme": [
        "This file locks the dependencies of your project to a known state",
        "Read more about it at https://getcomposer.org/doc/01-basic-usage.md#installing-dependencies",
        "This file is @generated automatically"
    ],
    "content-hash": "3dbb0a2750a622b82d8bb47ed3229075",
    "packages": [
        {
            "name": "itsgoingd/clockwork",
            "version": "v5.1.2",
            "source": {
                "type": "git",
                "url": "https://github.com/itsgoingd/clockwork.git",
                "reference": "4f46a69b123635ba2910a3ca8d100edfadc924e1"
            },
            "dist": {
                "type": "zip",
                "url": "https://api.github.com/repos/itsgoingd/clockwork/zipball/4f46a69b123635ba2910a3ca8d100edfadc924e1",
                "reference": "4f46a69b123635ba2910a3ca8d100edfadc924e1",
                "shasum": ""
            },
            "require": {
                "ext-json": "*",
                "php": ">=5.6",
                "psr/log": "1.* || ^2.0"
            },
            "type": "library",
            "extra": {
                "laravel": {
                    "providers": [
                        "Clockwork\\Support\\Laravel\\ClockworkServiceProvider"
                    ],
                    "aliases": {
                        "Clockwork": "Clockwork\\Support\\Laravel\\Facade"
                    }
                }
            },
            "autoload": {
                "psr-4": {
                    "Clockwork\\": "Clockwork/"
                }
            },
            "notification-url": "https://packagist.org/downloads/",
            "license": [
                "MIT"
            ],
            "authors": [
                {
                    "name": "itsgoingd",
                    "email": "itsgoingd@luzer.sk",
                    "homepage": "https://twitter.com/itsgoingd"
                }
            ],
            "description": "php dev tools in your browser",
            "homepage": "https://underground.works/clockwork",
            "keywords": [
                "Devtools",
                "debugging",
                "laravel",
                "logging",
                "lumen",
                "profiling",
                "slim"
            ],
            "support": {
                "issues": "https://github.com/itsgoingd/clockwork/issues",
                "source": "https://github.com/itsgoingd/clockwork/tree/v5.1.2"
            },
            "funding": [
                {
                    "url": "https://github.com/itsgoingd",
                    "type": "github"
                }
            ],
            "time": "2021-12-07T18:24:19+00:00"
        },
        {
            "name": "psr/log",
            "version": "2.0.0",
            "source": {
                "type": "git",
                "url": "https://github.com/php-fig/log.git",
                "reference": "ef29f6d262798707a9edd554e2b82517ef3a9376"
            },
            "dist": {
                "type": "zip",
                "url": "https://api.github.com/repos/php-fig/log/zipball/ef29f6d262798707a9edd554e2b82517ef3a9376",
                "reference": "ef29f6d262798707a9edd554e2b82517ef3a9376",
                "shasum": ""
            },
            "require": {
                "php": ">=8.0.0"
            },
            "type": "library",
            "extra": {
                "branch-alias": {
                    "dev-master": "2.0.x-dev"
                }
            },
            "autoload": {
                "psr-4": {
                    "Psr\\Log\\": "src"
                }
            },
            "notification-url": "https://packagist.org/downloads/",
            "license": [
                "MIT"
            ],
            "authors": [
                {
                    "name": "PHP-FIG",
                    "homepage": "https://www.php-fig.org/"
                }
            ],
            "description": "Common interface for logging libraries",
            "homepage": "https://github.com/php-fig/log",
            "keywords": [
                "log",
                "psr",
                "psr-3"
            ],
            "support": {
                "source": "https://github.com/php-fig/log/tree/2.0.0"
            },
            "time": "2021-07-14T16:41:46+00:00"
        }
    ],
    "packages-dev": [],
    "aliases": [],
    "minimum-stability": "stable",
    "stability-flags": [],
    "prefer-stable": false,
    "prefer-lowest": false,
    "platform": [],
    "platform-dev": [],
    "plugin-api-version": "2.1.0"
}
